// !$*UTF8*$!
{
	archiveVersion = 1;
	classes = {
	};
	objectVersion = 45;
	objects = {

/* Begin PBXBuildFile section */
		096A73D8120235F20069451E /* TrainingDetailViewController.m in Sources */ = {isa = PBXBuildFile; fileRef = 096A73D7120235F20069451E /* TrainingDetailViewController.m */; };
		096A73EA120238240069451E /* TrainingDetailView.xib in Resources */ = {isa = PBXBuildFile; fileRef = 096A73E9120238240069451E /* TrainingDetailView.xib */; };
		09B41D511201D21900D2D0AE /* icon_book.png in Resources */ = {isa = PBXBuildFile; fileRef = 09B41D4C1201D21900D2D0AE /* icon_book.png */; };
		09B41D521201D21900D2D0AE /* icon_calendar.png in Resources */ = {isa = PBXBuildFile; fileRef = 09B41D4D1201D21900D2D0AE /* icon_calendar.png */; };
		09B41D531201D21900D2D0AE /* icon_mic.png in Resources */ = {isa = PBXBuildFile; fileRef = 09B41D4E1201D21900D2D0AE /* icon_mic.png */; };
		09B41D541201D21900D2D0AE /* icon_shopping_bag.png in Resources */ = {isa = PBXBuildFile; fileRef = 09B41D4F1201D21900D2D0AE /* icon_shopping_bag.png */; };
		09B41D551201D21900D2D0AE /* ncptt-32x32.png in Resources */ = {isa = PBXBuildFile; fileRef = 09B41D501201D21900D2D0AE /* ncptt-32x32.png */; };
		09B41D641201D4A600D2D0AE /* PodcastDetailViewController.m in Sources */ = {isa = PBXBuildFile; fileRef = 09B41D631201D4A600D2D0AE /* PodcastDetailViewController.m */; };
		09B41D661201D4C100D2D0AE /* PodcastDetailView.xib in Resources */ = {isa = PBXBuildFile; fileRef = 09B41D651201D4C100D2D0AE /* PodcastDetailView.xib */; };
		09B41DC21201E3B100D2D0AE /* ProductItemViewController.m in Sources */ = {isa = PBXBuildFile; fileRef = 09B41DC11201E3B100D2D0AE /* ProductItemViewController.m */; };
		09B41DC41201E3C200D2D0AE /* ProductItemView.xib in Resources */ = {isa = PBXBuildFile; fileRef = 09B41DC31201E3C200D2D0AE /* ProductItemView.xib */; };
		09B41E231201FC0400D2D0AE /* MainTabBarController.m in Sources */ = {isa = PBXBuildFile; fileRef = 09B41E221201FC0400D2D0AE /* MainTabBarController.m */; };
		09F852D4120079500023F691 /* Default.png in Resources */ = {isa = PBXBuildFile; fileRef = 09F852D3120079500023F691 /* Default.png */; };
		09F853171200817A0023F691 /* NCPTT-128.png in Resources */ = {isa = PBXBuildFile; fileRef = 09F853161200817A0023F691 /* NCPTT-128.png */; };
		09F8539612008E890023F691 /* PodcastViewController.m in Sources */ = {isa = PBXBuildFile; fileRef = 09F8539512008E890023F691 /* PodcastViewController.m */; };
		09F853B6120091E00023F691 /* BlogTableViewCell.m in Sources */ = {isa = PBXBuildFile; fileRef = 09F853B5120091E00023F691 /* BlogTableViewCell.m */; };
		09F853BA120092C30023F691 /* BlogViewCell.xib in Resources */ = {isa = PBXBuildFile; fileRef = 09F853B9120092C30023F691 /* BlogViewCell.xib */; };
		09F853D9120098260023F691 /* PodcastTableViewCell.m in Sources */ = {isa = PBXBuildFile; fileRef = 09F853D8120098260023F691 /* PodcastTableViewCell.m */; };
		09F853DB120098680023F691 /* PodcastViewCell.xib in Resources */ = {isa = PBXBuildFile; fileRef = 09F853DA120098680023F691 /* PodcastViewCell.xib */; };
		09F854901200B0AF0023F691 /* AboutViewController.m in Sources */ = {isa = PBXBuildFile; fileRef = 09F8548F1200B0AF0023F691 /* AboutViewController.m */; };
		09F854A41200B8F70023F691 /* ProductViewCell.xib in Resources */ = {isa = PBXBuildFile; fileRef = 09F854A31200B8F70023F691 /* ProductViewCell.xib */; };
		09F854A91200B9070023F691 /* ProductTableViewCell.m in Sources */ = {isa = PBXBuildFile; fileRef = 09F854A61200B9070023F691 /* ProductTableViewCell.m */; };
		09F854AA1200B9070023F691 /* ProductViewController.m in Sources */ = {isa = PBXBuildFile; fileRef = 09F854A81200B9070023F691 /* ProductViewController.m */; };
		09F854DB1200BCA10023F691 /* TrainingTableViewCell.m in Sources */ = {isa = PBXBuildFile; fileRef = 09F854D81200BCA10023F691 /* TrainingTableViewCell.m */; };
		09F854DC1200BCA10023F691 /* TrainingViewController.m in Sources */ = {isa = PBXBuildFile; fileRef = 09F854DA1200BCA10023F691 /* TrainingViewController.m */; };
		09F854DE1200BCAC0023F691 /* TrainingViewCell.xib in Resources */ = {isa = PBXBuildFile; fileRef = 09F854DD1200BCAC0023F691 /* TrainingViewCell.xib */; };
		09F855B21200DAE80023F691 /* BlogEntryViewController.m in Sources */ = {isa = PBXBuildFile; fileRef = 09F855B11200DAE80023F691 /* BlogEntryViewController.m */; };
		09F855DC1200DF590023F691 /* BlogEntryView.xib in Resources */ = {isa = PBXBuildFile; fileRef = 09F855DB1200DF590023F691 /* BlogEntryView.xib */; };
		1D3623260D0F684500981E51 /* NCPTTAppDelegate.m in Sources */ = {isa = PBXBuildFile; fileRef = 1D3623250D0F684500981E51 /* NCPTTAppDelegate.m */; };
		1D60589B0D05DD56006BFB54 /* main.m in Sources */ = {isa = PBXBuildFile; fileRef = 29B97316FDCFA39411CA2CEA /* main.m */; };
		1D60589F0D05DD5A006BFB54 /* Foundation.framework in Frameworks */ = {isa = PBXBuildFile; fileRef = 1D30AB110D05D00D00671497 /* Foundation.framework */; };
		1DF5F4E00D08C38300B7A737 /* UIKit.framework in Frameworks */ = {isa = PBXBuildFile; fileRef = 1DF5F4DF0D08C38300B7A737 /* UIKit.framework */; };
		28216C970DB411BC00E5133A /* BlogViewController.m in Sources */ = {isa = PBXBuildFile; fileRef = 28216C960DB411BC00E5133A /* BlogViewController.m */; };
		288765080DF74369002DB57D /* CoreGraphics.framework in Frameworks */ = {isa = PBXBuildFile; fileRef = 288765070DF74369002DB57D /* CoreGraphics.framework */; };
		28AD73880D9D96C1002E5188 /* MainWindow.xib in Resources */ = {isa = PBXBuildFile; fileRef = 28AD73870D9D96C1002E5188 /* MainWindow.xib */; };
/* End PBXBuildFile section */

/* Begin PBXFileReference section */
		096A73D6120235F20069451E /* TrainingDetailViewController.h */ = {isa = PBXFileReference; fileEncoding = 4; lastKnownFileType = sourcecode.c.h; path = TrainingDetailViewController.h; sourceTree = "<group>"; };
		096A73D7120235F20069451E /* TrainingDetailViewController.m */ = {isa = PBXFileReference; fileEncoding = 4; lastKnownFileType = sourcecode.c.objc; path = TrainingDetailViewController.m; sourceTree = "<group>"; };
		096A73E9120238240069451E /* TrainingDetailView.xib */ = {isa = PBXFileReference; lastKnownFileType = file.xib; path = TrainingDetailView.xib; sourceTree = "<group>"; };
		09B41D4C1201D21900D2D0AE /* icon_book.png */ = {isa = PBXFileReference; lastKnownFileType = image.png; path = icon_book.png; sourceTree = SOURCE_ROOT; };
		09B41D4D1201D21900D2D0AE /* icon_calendar.png */ = {isa = PBXFileReference; lastKnownFileType = image.png; path = icon_calendar.png; sourceTree = SOURCE_ROOT; };
		09B41D4E1201D21900D2D0AE /* icon_mic.png */ = {isa = PBXFileReference; lastKnownFileType = image.png; path = icon_mic.png; sourceTree = SOURCE_ROOT; };
		09B41D4F1201D21900D2D0AE /* icon_shopping_bag.png */ = {isa = PBXFileReference; lastKnownFileType = image.png; path = icon_shopping_bag.png; sourceTree = SOURCE_ROOT; };
		09B41D501201D21900D2D0AE /* ncptt-32x32.png */ = {isa = PBXFileReference; lastKnownFileType = image.png; path = "ncptt-32x32.png"; sourceTree = SOURCE_ROOT; };
		09B41D621201D4A600D2D0AE /* PodcastDetailViewController.h */ = {isa = PBXFileReference; fileEncoding = 4; lastKnownFileType = sourcecode.c.h; path = PodcastDetailViewController.h; sourceTree = "<group>"; };
		09B41D631201D4A600D2D0AE /* PodcastDetailViewController.m */ = {isa = PBXFileReference; fileEncoding = 4; lastKnownFileType = sourcecode.c.objc; path = PodcastDetailViewController.m; sourceTree = "<group>"; };
		09B41D651201D4C100D2D0AE /* PodcastDetailView.xib */ = {isa = PBXFileReference; lastKnownFileType = file.xib; path = PodcastDetailView.xib; sourceTree = "<group>"; };
		09B41DC01201E3B100D2D0AE /* ProductItemViewController.h */ = {isa = PBXFileReference; fileEncoding = 4; lastKnownFileType = sourcecode.c.h; path = ProductItemViewController.h; sourceTree = "<group>"; };
		09B41DC11201E3B100D2D0AE /* ProductItemViewController.m */ = {isa = PBXFileReference; fileEncoding = 4; lastKnownFileType = sourcecode.c.objc; path = ProductItemViewController.m; sourceTree = "<group>"; };
		09B41DC31201E3C200D2D0AE /* ProductItemView.xib */ = {isa = PBXFileReference; lastKnownFileType = file.xib; path = ProductItemView.xib; sourceTree = "<group>"; };
		09B41E211201FC0400D2D0AE /* MainTabBarController.h */ = {isa = PBXFileReference; fileEncoding = 4; lastKnownFileType = sourcecode.c.h; path = MainTabBarController.h; sourceTree = "<group>"; };
		09B41E221201FC0400D2D0AE /* MainTabBarController.m */ = {isa = PBXFileReference; fileEncoding = 4; lastKnownFileType = sourcecode.c.objc; path = MainTabBarController.m; sourceTree = "<group>"; };
		09F852D3120079500023F691 /* Default.png */ = {isa = PBXFileReference; lastKnownFileType = image.png; path = Default.png; sourceTree = SOURCE_ROOT; };
		09F853161200817A0023F691 /* NCPTT-128.png */ = {isa = PBXFileReference; lastKnownFileType = image.png; path = "NCPTT-128.png"; sourceTree = SOURCE_ROOT; };
		09F8539412008E890023F691 /* PodcastViewController.h */ = {isa = PBXFileReference; fileEncoding = 4; lastKnownFileType = sourcecode.c.h; path = PodcastViewController.h; sourceTree = "<group>"; };
		09F8539512008E890023F691 /* PodcastViewController.m */ = {isa = PBXFileReference; fileEncoding = 4; lastKnownFileType = sourcecode.c.objc; path = PodcastViewController.m; sourceTree = "<group>"; };
		09F853B4120091E00023F691 /* BlogTableViewCell.h */ = {isa = PBXFileReference; fileEncoding = 4; lastKnownFileType = sourcecode.c.h; path = BlogTableViewCell.h; sourceTree = "<group>"; };
		09F853B5120091E00023F691 /* BlogTableViewCell.m */ = {isa = PBXFileReference; fileEncoding = 4; lastKnownFileType = sourcecode.c.objc; path = BlogTableViewCell.m; sourceTree = "<group>"; };
		09F853B9120092C30023F691 /* BlogViewCell.xib */ = {isa = PBXFileReference; lastKnownFileType = file.xib; path = BlogViewCell.xib; sourceTree = "<group>"; };
		09F853D7120098260023F691 /* PodcastTableViewCell.h */ = {isa = PBXFileReference; fileEncoding = 4; lastKnownFileType = sourcecode.c.h; path = PodcastTableViewCell.h; sourceTree = "<group>"; };
		09F853D8120098260023F691 /* PodcastTableViewCell.m */ = {isa = PBXFileReference; fileEncoding = 4; lastKnownFileType = sourcecode.c.objc; path = PodcastTableViewCell.m; sourceTree = "<group>"; };
		09F853DA120098680023F691 /* PodcastViewCell.xib */ = {isa = PBXFileReference; lastKnownFileType = file.xib; path = PodcastViewCell.xib; sourceTree = "<group>"; };
		09F8548E1200B0AF0023F691 /* AboutViewController.h */ = {isa = PBXFileReference; fileEncoding = 4; lastKnownFileType = sourcecode.c.h; path = AboutViewController.h; sourceTree = "<group>"; };
		09F8548F1200B0AF0023F691 /* AboutViewController.m */ = {isa = PBXFileReference; fileEncoding = 4; lastKnownFileType = sourcecode.c.objc; path = AboutViewController.m; sourceTree = "<group>"; };
		09F854A31200B8F70023F691 /* ProductViewCell.xib */ = {isa = PBXFileReference; lastKnownFileType = file.xib; path = ProductViewCell.xib; sourceTree = "<group>"; };
		09F854A51200B9070023F691 /* ProductTableViewCell.h */ = {isa = PBXFileReference; fileEncoding = 4; lastKnownFileType = sourcecode.c.h; path = ProductTableViewCell.h; sourceTree = "<group>"; };
		09F854A61200B9070023F691 /* ProductTableViewCell.m */ = {isa = PBXFileReference; fileEncoding = 4; lastKnownFileType = sourcecode.c.objc; path = ProductTableViewCell.m; sourceTree = "<group>"; };
		09F854A71200B9070023F691 /* ProductViewController.h */ = {isa = PBXFileReference; fileEncoding = 4; lastKnownFileType = sourcecode.c.h; path = ProductViewController.h; sourceTree = "<group>"; };
		09F854A81200B9070023F691 /* ProductViewController.m */ = {isa = PBXFileReference; fileEncoding = 4; lastKnownFileType = sourcecode.c.objc; path = ProductViewController.m; sourceTree = "<group>"; };
		09F854D71200BCA10023F691 /* TrainingTableViewCell.h */ = {isa = PBXFileReference; fileEncoding = 4; lastKnownFileType = sourcecode.c.h; path = TrainingTableViewCell.h; sourceTree = "<group>"; };
		09F854D81200BCA10023F691 /* TrainingTableViewCell.m */ = {isa = PBXFileReference; fileEncoding = 4; lastKnownFileType = sourcecode.c.objc; path = TrainingTableViewCell.m; sourceTree = "<group>"; };
		09F854D91200BCA10023F691 /* TrainingViewController.h */ = {isa = PBXFileReference; fileEncoding = 4; lastKnownFileType = sourcecode.c.h; path = TrainingViewController.h; sourceTree = "<group>"; };
		09F854DA1200BCA10023F691 /* TrainingViewController.m */ = {isa = PBXFileReference; fileEncoding = 4; lastKnownFileType = sourcecode.c.objc; path = TrainingViewController.m; sourceTree = "<group>"; };
		09F854DD1200BCAC0023F691 /* TrainingViewCell.xib */ = {isa = PBXFileReference; lastKnownFileType = file.xib; path = TrainingViewCell.xib; sourceTree = "<group>"; };
		09F855B01200DAE80023F691 /* BlogEntryViewController.h */ = {isa = PBXFileReference; fileEncoding = 4; lastKnownFileType = sourcecode.c.h; path = BlogEntryViewController.h; sourceTree = "<group>"; };
		09F855B11200DAE80023F691 /* BlogEntryViewController.m */ = {isa = PBXFileReference; fileEncoding = 4; lastKnownFileType = sourcecode.c.objc; path = BlogEntryViewController.m; sourceTree = "<group>"; };
		09F855DB1200DF590023F691 /* BlogEntryView.xib */ = {isa = PBXFileReference; lastKnownFileType = file.xib; path = BlogEntryView.xib; sourceTree = "<group>"; };
		1D30AB110D05D00D00671497 /* Foundation.framework */ = {isa = PBXFileReference; lastKnownFileType = wrapper.framework; name = Foundation.framework; path = System/Library/Frameworks/Foundation.framework; sourceTree = SDKROOT; };
		1D3623240D0F684500981E51 /* NCPTTAppDelegate.h */ = {isa = PBXFileReference; fileEncoding = 4; lastKnownFileType = sourcecode.c.h; path = NCPTTAppDelegate.h; sourceTree = "<group>"; };
		1D3623250D0F684500981E51 /* NCPTTAppDelegate.m */ = {isa = PBXFileReference; fileEncoding = 4; lastKnownFileType = sourcecode.c.objc; path = NCPTTAppDelegate.m; sourceTree = "<group>"; };
		1D6058910D05DD3D006BFB54 /* NCPTT.app */ = {isa = PBXFileReference; explicitFileType = wrapper.application; includeInIndex = 0; path = NCPTT.app; sourceTree = BUILT_PRODUCTS_DIR; };
		1DF5F4DF0D08C38300B7A737 /* UIKit.framework */ = {isa = PBXFileReference; lastKnownFileType = wrapper.framework; name = UIKit.framework; path = System/Library/Frameworks/UIKit.framework; sourceTree = SDKROOT; };
		28216C950DB411BC00E5133A /* BlogViewController.h */ = {isa = PBXFileReference; fileEncoding = 4; lastKnownFileType = sourcecode.c.h; path = BlogViewController.h; sourceTree = "<group>"; };
		28216C960DB411BC00E5133A /* BlogViewController.m */ = {isa = PBXFileReference; fileEncoding = 4; lastKnownFileType = sourcecode.c.objc; path = BlogViewController.m; sourceTree = "<group>"; };
		288765070DF74369002DB57D /* CoreGraphics.framework */ = {isa = PBXFileReference; lastKnownFileType = wrapper.framework; name = CoreGraphics.framework; path = System/Library/Frameworks/CoreGraphics.framework; sourceTree = SDKROOT; };
		28A0AB4B0D9B1048005BE974 /* NCPTT_Prefix.pch */ = {isa = PBXFileReference; fileEncoding = 4; lastKnownFileType = sourcecode.c.h; path = NCPTT_Prefix.pch; sourceTree = "<group>"; };
		28AD73870D9D96C1002E5188 /* MainWindow.xib */ = {isa = PBXFileReference; lastKnownFileType = file.xib; path = MainWindow.xib; sourceTree = "<group>"; };
		29B97316FDCFA39411CA2CEA /* main.m */ = {isa = PBXFileReference; fileEncoding = 4; lastKnownFileType = sourcecode.c.objc; path = main.m; sourceTree = "<group>"; };
		8D1107310486CEB800E47090 /* NCPTT-Info.plist */ = {isa = PBXFileReference; fileEncoding = 4; lastKnownFileType = text.plist.xml; path = "NCPTT-Info.plist"; plistStructureDefinitionIdentifier = "com.apple.xcode.plist.structure-definition.iphone.info-plist"; sourceTree = "<group>"; };
/* End PBXFileReference section */

/* Begin PBXFrameworksBuildPhase section */
		1D60588F0D05DD3D006BFB54 /* Frameworks */ = {
			isa = PBXFrameworksBuildPhase;
			buildActionMask = 2147483647;
			files = (
				1D60589F0D05DD5A006BFB54 /* Foundation.framework in Frameworks */,
				1DF5F4E00D08C38300B7A737 /* UIKit.framework in Frameworks */,
				288765080DF74369002DB57D /* CoreGraphics.framework in Frameworks */,
			);
			runOnlyForDeploymentPostprocessing = 0;
		};
/* End PBXFrameworksBuildPhase section */

/* Begin PBXGroup section */
		080E96DDFE201D6D7F000001 /* Classes */ = {
			isa = PBXGroup;
			children = (
				09B41DCF1201E4B400D2D0AE /* Blog */,
				09B41DD01201E4E700D2D0AE /* Podcasts */,
				09B41DD11201E50C00D2D0AE /* Products */,
				09B41DD21201E52200D2D0AE /* Training */,
				09B41DD31201E52F00D2D0AE /* About */,
				1D3623240D0F684500981E51 /* NCPTTAppDelegate.h */,
				1D3623250D0F684500981E51 /* NCPTTAppDelegate.m */,
				09B41E211201FC0400D2D0AE /* MainTabBarController.h */,
				09B41E221201FC0400D2D0AE /* MainTabBarController.m */,
			);
			path = Classes;
			sourceTree = "<group>";
		};
		09B41DCF1201E4B400D2D0AE /* Blog */ = {
			isa = PBXGroup;
			children = (
				28216C950DB411BC00E5133A /* BlogViewController.h */,
				28216C960DB411BC00E5133A /* BlogViewController.m */,
				09F853B4120091E00023F691 /* BlogTableViewCell.h */,
				09F853B5120091E00023F691 /* BlogTableViewCell.m */,
				09F855B01200DAE80023F691 /* BlogEntryViewController.h */,
				09F855B11200DAE80023F691 /* BlogEntryViewController.m */,
			);
			name = Blog;
			sourceTree = "<group>";
		};
		09B41DD01201E4E700D2D0AE /* Podcasts */ = {
			isa = PBXGroup;
			children = (
				09B41D621201D4A600D2D0AE /* PodcastDetailViewController.h */,
				09B41D631201D4A600D2D0AE /* PodcastDetailViewController.m */,
				09F853D7120098260023F691 /* PodcastTableViewCell.h */,
				09F853D8120098260023F691 /* PodcastTableViewCell.m */,
				09F8539412008E890023F691 /* PodcastViewController.h */,
				09F8539512008E890023F691 /* PodcastViewController.m */,
			);
			name = Podcasts;
			sourceTree = "<group>";
		};
		09B41DD11201E50C00D2D0AE /* Products */ = {
			isa = PBXGroup;
			children = (
				09B41DC01201E3B100D2D0AE /* ProductItemViewController.h */,
				09B41DC11201E3B100D2D0AE /* ProductItemViewController.m */,
				09F854A51200B9070023F691 /* ProductTableViewCell.h */,
				09F854A61200B9070023F691 /* ProductTableViewCell.m */,
				09F854A71200B9070023F691 /* ProductViewController.h */,
				09F854A81200B9070023F691 /* ProductViewController.m */,
			);
			name = Products;
			sourceTree = "<group>";
		};
		09B41DD21201E52200D2D0AE /* Training */ = {
			isa = PBXGroup;
			children = (
				096A73D6120235F20069451E /* TrainingDetailViewController.h */,
				096A73D7120235F20069451E /* TrainingDetailViewController.m */,
				09F854D81200BCA10023F691 /* TrainingTableViewCell.m */,
				09F854D91200BCA10023F691 /* TrainingViewController.h */,
				09F854DA1200BCA10023F691 /* TrainingViewController.m */,
				09F854D71200BCA10023F691 /* TrainingTableViewCell.h */,
			);
			name = Training;
			sourceTree = "<group>";
		};
		09B41DD31201E52F00D2D0AE /* About */ = {
			isa = PBXGroup;
			children = (
				09F8548F1200B0AF0023F691 /* AboutViewController.m */,
				09F8548E1200B0AF0023F691 /* AboutViewController.h */,
			);
			name = About;
			sourceTree = "<group>";
		};
		09F852D21200793A0023F691 /* Images */ = {
			isa = PBXGroup;
			children = (
				09B41D4C1201D21900D2D0AE /* icon_book.png */,
				09B41D4D1201D21900D2D0AE /* icon_calendar.png */,
				09B41D4E1201D21900D2D0AE /* icon_mic.png */,
				09B41D4F1201D21900D2D0AE /* icon_shopping_bag.png */,
				09B41D501201D21900D2D0AE /* ncptt-32x32.png */,
				09F853161200817A0023F691 /* NCPTT-128.png */,
				09F852D3120079500023F691 /* Default.png */,
			);
			name = Images;
			path = Classes;
			sourceTree = "<group>";
		};
		19C28FACFE9D520D11CA2CBB /* Products */ = {
			isa = PBXGroup;
			children = (
				1D6058910D05DD3D006BFB54 /* NCPTT.app */,
			);
			name = Products;
			sourceTree = "<group>";
		};
		29B97314FDCFA39411CA2CEA /* NCPTT */ = {
			isa = PBXGroup;
			children = (
				09F852D21200793A0023F691 /* Images */,
				080E96DDFE201D6D7F000001 /* Classes */,
				29B97315FDCFA39411CA2CEA /* Other Sources */,
				29B97317FDCFA39411CA2CEA /* Resources */,
				29B97323FDCFA39411CA2CEA /* Frameworks */,
				19C28FACFE9D520D11CA2CBB /* Products */,
			);
			name = NCPTT;
			sourceTree = "<group>";
		};
		29B97315FDCFA39411CA2CEA /* Other Sources */ = {
			isa = PBXGroup;
			children = (
				28A0AB4B0D9B1048005BE974 /* NCPTT_Prefix.pch */,
				29B97316FDCFA39411CA2CEA /* main.m */,
			);
			name = "Other Sources";
			sourceTree = "<group>";
		};
		29B97317FDCFA39411CA2CEA /* Resources */ = {
			isa = PBXGroup;
			children = (
				096A73E9120238240069451E /* TrainingDetailView.xib */,
				09B41DC31201E3C200D2D0AE /* ProductItemView.xib */,
				09B41D651201D4C100D2D0AE /* PodcastDetailView.xib */,
				09F854DD1200BCAC0023F691 /* TrainingViewCell.xib */,
				09F854A31200B8F70023F691 /* ProductViewCell.xib */,
				09F853DA120098680023F691 /* PodcastViewCell.xib */,
				28AD73870D9D96C1002E5188 /* MainWindow.xib */,
				8D1107310486CEB800E47090 /* NCPTT-Info.plist */,
				09F853B9120092C30023F691 /* BlogViewCell.xib */,
				09F855DB1200DF590023F691 /* BlogEntryView.xib */,
			);
			name = Resources;
			sourceTree = "<group>";
		};
		29B97323FDCFA39411CA2CEA /* Frameworks */ = {
			isa = PBXGroup;
			children = (
				1DF5F4DF0D08C38300B7A737 /* UIKit.framework */,
				1D30AB110D05D00D00671497 /* Foundation.framework */,
				288765070DF74369002DB57D /* CoreGraphics.framework */,
			);
			name = Frameworks;
			sourceTree = "<group>";
		};
/* End PBXGroup section */

/* Begin PBXNativeTarget section */
		1D6058900D05DD3D006BFB54 /* NCPTT */ = {
			isa = PBXNativeTarget;
			buildConfigurationList = 1D6058960D05DD3E006BFB54 /* Build configuration list for PBXNativeTarget "NCPTT" */;
			buildPhases = (
				1D60588D0D05DD3D006BFB54 /* Resources */,
				1D60588E0D05DD3D006BFB54 /* Sources */,
				1D60588F0D05DD3D006BFB54 /* Frameworks */,
			);
			buildRules = (
			);
			dependencies = (
			);
			name = NCPTT;
			productName = NCPTT;
			productReference = 1D6058910D05DD3D006BFB54 /* NCPTT.app */;
			productType = "com.apple.product-type.application";
		};
/* End PBXNativeTarget section */

/* Begin PBXProject section */
		29B97313FDCFA39411CA2CEA /* Project object */ = {
			isa = PBXProject;
			buildConfigurationList = C01FCF4E08A954540054247B /* Build configuration list for PBXProject "NCPTT" */;
			compatibilityVersion = "Xcode 3.1";
			hasScannedForEncodings = 1;
			mainGroup = 29B97314FDCFA39411CA2CEA /* NCPTT */;
			projectDirPath = "";
			projectRoot = "";
			targets = (
				1D6058900D05DD3D006BFB54 /* NCPTT */,
			);
		};
/* End PBXProject section */

/* Begin PBXResourcesBuildPhase section */
		1D60588D0D05DD3D006BFB54 /* Resources */ = {
			isa = PBXResourcesBuildPhase;
			buildActionMask = 2147483647;
			files = (
				28AD73880D9D96C1002E5188 /* MainWindow.xib in Resources */,
				09F852D4120079500023F691 /* Default.png in Resources */,
				09F853171200817A0023F691 /* NCPTT-128.png in Resources */,
				09F853BA120092C30023F691 /* BlogViewCell.xib in Resources */,
				09F853DB120098680023F691 /* PodcastViewCell.xib in Resources */,
				09F854A41200B8F70023F691 /* ProductViewCell.xib in Resources */,
				09F854DE1200BCAC0023F691 /* TrainingViewCell.xib in Resources */,
				09F855DC1200DF590023F691 /* BlogEntryView.xib in Resources */,
				09B41D511201D21900D2D0AE /* icon_book.png in Resources */,
				09B41D521201D21900D2D0AE /* icon_calendar.png in Resources */,
				09B41D531201D21900D2D0AE /* icon_mic.png in Resources */,
				09B41D541201D21900D2D0AE /* icon_shopping_bag.png in Resources */,
				09B41D551201D21900D2D0AE /* ncptt-32x32.png in Resources */,
				09B41D661201D4C100D2D0AE /* PodcastDetailView.xib in Resources */,
				09B41DC41201E3C200D2D0AE /* ProductItemView.xib in Resources */,
				096A73EA120238240069451E /* TrainingDetailView.xib in Resources */,
			);
			runOnlyForDeploymentPostprocessing = 0;
		};
/* End PBXResourcesBuildPhase section */

/* Begin PBXSourcesBuildPhase section */
		1D60588E0D05DD3D006BFB54 /* Sources */ = {
			isa = PBXSourcesBuildPhase;
			buildActionMask = 2147483647;
			files = (
				1D60589B0D05DD56006BFB54 /* main.m in Sources */,
				1D3623260D0F684500981E51 /* NCPTTAppDelegate.m in Sources */,
				28216C970DB411BC00E5133A /* BlogViewController.m in Sources */,
				09F8539612008E890023F691 /* PodcastViewController.m in Sources */,
				09F853B6120091E00023F691 /* BlogTableViewCell.m in Sources */,
				09F853D9120098260023F691 /* PodcastTableViewCell.m in Sources */,
				09F854901200B0AF0023F691 /* AboutViewController.m in Sources */,
				09F854A91200B9070023F691 /* ProductTableViewCell.m in Sources */,
				09F854AA1200B9070023F691 /* ProductViewController.m in Sources */,
				09F854DB1200BCA10023F691 /* TrainingTableViewCell.m in Sources */,
				09F854DC1200BCA10023F691 /* TrainingViewController.m in Sources */,
				09F855B21200DAE80023F691 /* BlogEntryViewController.m in Sources */,
				09B41D641201D4A600D2D0AE /* PodcastDetailViewController.m in Sources */,
				09B41DC21201E3B100D2D0AE /* ProductItemViewController.m in Sources */,
				09B41E231201FC0400D2D0AE /* MainTabBarController.m in Sources */,
				096A73D8120235F20069451E /* TrainingDetailViewController.m in Sources */,
			);
			runOnlyForDeploymentPostprocessing = 0;
		};
/* End PBXSourcesBuildPhase section */

/* Begin XCBuildConfiguration section */
		1D6058940D05DD3E006BFB54 /* Debug */ = {
			isa = XCBuildConfiguration;
			buildSettings = {
				ALWAYS_SEARCH_USER_PATHS = NO;
				COPY_PHASE_STRIP = NO;
				GCC_DYNAMIC_NO_PIC = NO;
				GCC_OPTIMIZATION_LEVEL = 0;
				GCC_PRECOMPILE_PREFIX_HEADER = YES;
				GCC_PREFIX_HEADER = NCPTT_Prefix.pch;
				INFOPLIST_FILE = "NCPTT-Info.plist";
				PRODUCT_NAME = NCPTT;
			};
			name = Debug;
		};
		1D6058950D05DD3E006BFB54 /* Release */ = {
			isa = XCBuildConfiguration;
			buildSettings = {
				ALWAYS_SEARCH_USER_PATHS = NO;
				COPY_PHASE_STRIP = YES;
				GCC_PRECOMPILE_PREFIX_HEADER = YES;
				GCC_PREFIX_HEADER = NCPTT_Prefix.pch;
				INFOPLIST_FILE = "NCPTT-Info.plist";
				PRODUCT_NAME = NCPTT;
				VALIDATE_PRODUCT = YES;
			};
			name = Release;
		};
		C01FCF4F08A954540054247B /* Debug */ = {
			isa = XCBuildConfiguration;
			buildSettings = {
				ARCHS = "$(ARCHS_STANDARD_32_BIT)";
				"CODE_SIGN_IDENTITY[sdk=iphoneos*]" = "iPhone Developer";
				GCC_C_LANGUAGE_STANDARD = c99;
				GCC_WARN_ABOUT_RETURN_TYPE = YES;
				GCC_WARN_UNUSED_VARIABLE = YES;
				PREBINDING = NO;
				SDKROOT = iphoneos4.0;
			};
			name = Debug;
		};
		C01FCF5008A954540054247B /* Release */ = {
			isa = XCBuildConfiguration;
			buildSettings = {
				ARCHS = "$(ARCHS_STANDARD_32_BIT)";
				"CODE_SIGN_IDENTITY[sdk=iphoneos*]" = "iPhone Developer";
				GCC_C_LANGUAGE_STANDARD = c99;
				GCC_WARN_ABOUT_RETURN_TYPE = YES;
				GCC_WARN_UNUSED_VARIABLE = YES;
				OTHER_CFLAGS = "-DNS_BLOCK_ASSERTIONS=1";
				PREBINDING = NO;
				SDKROOT = iphoneos4.0;
			};
			name = Release;
		};
/* End XCBuildConfiguration section */

/* Begin XCConfigurationList section */
		1D6058960D05DD3E006BFB54 /* Build configuration list for PBXNativeTarget "NCPTT" */ = {
			isa = XCConfigurationList;
			buildConfigurations = (
				1D6058940D05DD3E006BFB54 /* Debug */,
				1D6058950D05DD3E006BFB54 /* Release */,
			);
			defaultConfigurationIsVisible = 0;
			defaultConfigurationName = Release;
		};
		C01FCF4E08A954540054247B /* Build configuration list for PBXProject "NCPTT" */ = {
			isa = XCConfigurationList;
			buildConfigurations = (
				C01FCF4F08A954540054247B /* Debug */,
				C01FCF5008A954540054247B /* Release */,
			);
			defaultConfigurationIsVisible = 0;
			defaultConfigurationName = Release;
		};
/* End XCConfigurationList section */
	};
	rootObject = 29B97313FDCFA39411CA2CEA /* Project object */;
}
